
Microsoft Visual Studio Solution File, Format Version 12.00
# Visual Studio Version 17
VisualStudioVersion = 17.8.34330.188
MinimumVisualStudioVersion = 10.0.40219.1
Project("{FAE04EC0-301F-11D3-BF4B-00C04F79EFBC}") = "Library.Web", "Library.Web\Library.Web.csproj", "{7490D041-3186-4CE2-829F-5218722DD0C1}"
EndProject
Project("{FAE04EC0-301F-11D3-BF4B-00C04F79EFBC}") = "Library.API", "Library.API\Library.API.csproj", "{76B9E70D-4807-4595-AC31-85B0E29714E3}"
EndProject
Project("{FAE04EC0-301F-11D3-BF4B-00C04F79EFBC}") = "Library.Core", "Library.Core\Library.Core.csproj", "{6614A184-B894-4CA3-90DE-3BE012385C0D}"
EndProject
Project("{FAE04EC0-301F-11D3-BF4B-00C04F79EFBC}") = "Library.Repository", "Library.Repository\Library.Repository.csproj", "{2C9DCBDB-6E33-4F9A-A2D0-CA134B56C28B}"
EndProject
Project("{FAE04EC0-301F-11D3-BF4B-00C04F79EFBC}") = "Library.Service", "Library.Service\Library.Service.csproj", "{F4492792-1A86-498F-BF8E-FC8620C1E752}"
EndProject
Global
	GlobalSection(SolutionConfigurationPlatforms) = preSolution
		Debug|Any CPU = Debug|Any CPU
		Release|Any CPU = Release|Any CPU
	EndGlobalSection
	GlobalSection(ProjectConfigurationPlatforms) = postSolution
		{7490D041-3186-4CE2-829F-5218722DD0C1}.Debug|Any CPU.ActiveCfg = Debug|Any CPU
		{7490D041-3186-4CE2-829F-5218722DD0C1}.Debug|Any CPU.Build.0 = Debug|Any CPU
		{7490D041-3186-4CE2-829F-5218722DD0C1}.Release|Any CPU.ActiveCfg = Release|Any CPU
		{7490D041-3186-4CE2-829F-5218722DD0C1}.Release|Any CPU.Build.0 = Release|Any CPU
		{76B9E70D-4807-4595-AC31-85B0E29714E3}.Debug|Any CPU.ActiveCfg = Debug|Any CPU
		{76B9E70D-4807-4595-AC31-85B0E29714E3}.Debug|Any CPU.Build.0 = Debug|Any CPU
		{76B9E70D-4807-4595-AC31-85B0E29714E3}.Release|Any CPU.ActiveCfg = Release|Any CPU
		{76B9E70D-4807-4595-AC31-85B0E29714E3}.Release|Any CPU.Build.0 = Release|Any CPU
		{6614A184-B894-4CA3-90DE-3BE012385C0D}.Debug|Any CPU.ActiveCfg = Debug|Any CPU
		{6614A184-B894-4CA3-90DE-3BE012385C0D}.Debug|Any CPU.Build.0 = Debug|Any CPU
		{6614A184-B894-4CA3-90DE-3BE012385C0D}.Release|Any CPU.ActiveCfg = Release|Any CPU
		{6614A184-B894-4CA3-90DE-3BE012385C0D}.Release|Any CPU.Build.0 = Release|Any CPU
		{2C9DCBDB-6E33-4F9A-A2D0-CA134B56C28B}.Debug|Any CPU.ActiveCfg = Debug|Any CPU
		{2C9DCBDB-6E33-4F9A-A2D0-CA134B56C28B}.Debug|Any CPU.Build.0 = Debug|Any CPU
		{2C9DCBDB-6E33-4F9A-A2D0-CA134B56C28B}.Release|Any CPU.ActiveCfg = Release|Any CPU
		{2C9DCBDB-6E33-4F9A-A2D0-CA134B56C28B}.Release|Any CPU.Build.0 = Release|Any CPU
		{F4492792-1A86-498F-BF8E-FC8620C1E752}.Debug|Any CPU.ActiveCfg = Debug|Any CPU
		{F4492792-1A86-498F-BF8E-FC8620C1E752}.Debug|Any CPU.Build.0 = Debug|Any CPU
		{F4492792-1A86-498F-BF8E-FC8620C1E752}.Release|Any CPU.ActiveCfg = Release|Any CPU
		{F4492792-1A86-498F-BF8E-FC8620C1E752}.Release|Any CPU.Build.0 = Release|Any CPU
	EndGlobalSection
	GlobalSection(SolutionProperties) = preSolution
		HideSolutionNode = FALSE
	EndGlobalSection
	GlobalSection(ExtensibilityGlobals) = postSolution
		SolutionGuid = {B478313A-1BC5-49E9-827A-F9E295DF8012}
	EndGlobalSection
EndGlobal
